
Microsoft Visual Studio Solution File, Format Version 12.00
# Visual Studio Version 17
VisualStudioVersion = 17.11.35219.272
MinimumVisualStudioVersion = 10.0.40219.1
Project("{9A19103F-16F7-4668-BE54-9A1E7A4F7556}") = "DGFWebApp", "DGFWebApp\DGFWebApp.csproj", "{8819A000-051F-462C-B6B8-DDE43370C166}"
EndProject
Global
	GlobalSection(SolutionConfigurationPlatforms) = preSolution
		Debug|Any CPU = Debug|Any CPU
		Release|Any CPU = Release|Any CPU
	EndGlobalSection
	GlobalSection(ProjectConfigurationPlatforms) = postSolution
		{8819A000-051F-462C-B6B8-DDE43370C166}.Debug|Any CPU.ActiveCfg = Debug|Any CPU
		{8819A000-051F-462C-B6B8-DDE43370C166}.Debug|Any CPU.Build.0 = Debug|Any CPU
		{8819A000-051F-462C-B6B8-DDE43370C166}.Release|Any CPU.ActiveCfg = Release|Any CPU
		{8819A000-051F-462C-B6B8-DDE43370C166}.Release|Any CPU.Build.0 = Release|Any CPU
	EndGlobalSection
	GlobalSection(SolutionProperties) = preSolution
		HideSolutionNode = FALSE
	EndGlobalSection
	GlobalSection(ExtensibilityGlobals) = postSolution
		SolutionGuid = {2487E499-803B-4989-B5AD-977FE8DAF585}
	EndGlobalSection
EndGlobal
